// !$*UTF8*$!
{
	archiveVersion = 1;
	classes = {
	};
	objectVersion = 55;
	objects = {

/* Begin PBXBuildFile section */
		F515ED512711A091003B6909 /* AppDelegate.swift in Sources */ = {isa = PBXBuildFile; fileRef = F515ED502711A091003B6909 /* AppDelegate.swift */; };
		F515ED532711A091003B6909 /* SceneDelegate.swift in Sources */ = {isa = PBXBuildFile; fileRef = F515ED522711A091003B6909 /* SceneDelegate.swift */; };
		F515ED552711A091003B6909 /* ViewController.swift in Sources */ = {isa = PBXBuildFile; fileRef = F515ED542711A091003B6909 /* ViewController.swift */; };
		F515ED582711A091003B6909 /* Main.storyboard in Resources */ = {isa = PBXBuildFile; fileRef = F515ED562711A091003B6909 /* Main.storyboard */; };
		F515ED5A2711A093003B6909 /* Assets.xcassets in Resources */ = {isa = PBXBuildFile; fileRef = F515ED592711A093003B6909 /* Assets.xcassets */; };
		F515ED5D2711A093003B6909 /* LaunchScreen.storyboard in Resources */ = {isa = PBXBuildFile; fileRef = F515ED5B2711A093003B6909 /* LaunchScreen.storyboard */; };
		F515ED682711A094003B6909 /* Homework_12Tests.swift in Sources */ = {isa = PBXBuildFile; fileRef = F515ED672711A094003B6909 /* Homework_12Tests.swift */; };
		F515ED722711A094003B6909 /* Homework_12UITests.swift in Sources */ = {isa = PBXBuildFile; fileRef = F515ED712711A094003B6909 /* Homework_12UITests.swift */; };
		F515ED742711A094003B6909 /* Homework_12UITestsLaunchTests.swift in Sources */ = {isa = PBXBuildFile; fileRef = F515ED732711A094003B6909 /* Homework_12UITestsLaunchTests.swift */; };
/* End PBXBuildFile section */

/* Begin PBXContainerItemProxy section */
		F515ED642711A094003B6909 /* PBXContainerItemProxy */ = {
			isa = PBXContainerItemProxy;
			containerPortal = F515ED452711A091003B6909 /* Project object */;
			proxyType = 1;
			remoteGlobalIDString = F515ED4C2711A091003B6909;
			remoteInfo = "Homework 12";
		};
		F515ED6E2711A094003B6909 /* PBXContainerItemProxy */ = {
			isa = PBXContainerItemProxy;
			containerPortal = F515ED452711A091003B6909 /* Project object */;
			proxyType = 1;
			remoteGlobalIDString = F515ED4C2711A091003B6909;
			remoteInfo = "Homework 12";
		};
/* End PBXContainerItemProxy section */

/* Begin PBXFileReference section */
		F515ED4D2711A091003B6909 /* Homework 12.app */ = {isa = PBXFileReference; explicitFileType = wrapper.application; includeInIndex = 0; path = "Homework 12.app"; sourceTree = BUILT_PRODUCTS_DIR; };
		F515ED502711A091003B6909 /* AppDelegate.swift */ = {isa = PBXFileReference; lastKnownFileType = sourcecode.swift; path = AppDelegate.swift; sourceTree = "<group>"; };
		F515ED522711A091003B6909 /* SceneDelegate.swift */ = {isa = PBXFileReference; lastKnownFileType = sourcecode.swift; path = SceneDelegate.swift; sourceTree = "<group>"; };
		F515ED542711A091003B6909 /* ViewController.swift */ = {isa = PBXFileReference; lastKnownFileType = sourcecode.swift; path = ViewController.swift; sourceTree = "<group>"; };
		F515ED572711A091003B6909 /* Base */ = {isa = PBXFileReference; lastKnownFileType = file.storyboard; name = Base; path = Base.lproj/Main.storyboard; sourceTree = "<group>"; };
		F515ED592711A093003B6909 /* Assets.xcassets */ = {isa = PBXFileReference; lastKnownFileType = folder.assetcatalog; path = Assets.xcassets; sourceTree = "<group>"; };
		F515ED5C2711A093003B6909 /* Base */ = {isa = PBXFileReference; lastKnownFileType = file.storyboard; name = Base; path = Base.lproj/LaunchScreen.storyboard; sourceTree = "<group>"; };
		F515ED5E2711A093003B6909 /* Info.plist */ = {isa = PBXFileReference; lastKnownFileType = text.plist.xml; path = Info.plist; sourceTree = "<group>"; };
		F515ED632711A094003B6909 /* Homework 12Tests.xctest */ = {isa = PBXFileReference; explicitFileType = wrapper.cfbundle; includeInIndex = 0; path = "Homework 12Tests.xctest"; sourceTree = BUILT_PRODUCTS_DIR; };
		F515ED672711A094003B6909 /* Homework_12Tests.swift */ = {isa = PBXFileReference; lastKnownFileType = sourcecode.swift; path = Homework_12Tests.swift; sourceTree = "<group>"; };
		F515ED6D2711A094003B6909 /* Homework 12UITests.xctest */ = {isa = PBXFileReference; explicitFileType = wrapper.cfbundle; includeInIndex = 0; path = "Homework 12UITests.xctest"; sourceTree = BUILT_PRODUCTS_DIR; };
		F515ED712711A094003B6909 /* Homework_12UITests.swift */ = {isa = PBXFileReference; lastKnownFileType = sourcecode.swift; path = Homework_12UITests.swift; sourceTree = "<group>"; };
		F515ED732711A094003B6909 /* Homework_12UITestsLaunchTests.swift */ = {isa = PBXFileReference; lastKnownFileType = sourcecode.swift; path = Homework_12UITestsLaunchTests.swift; sourceTree = "<group>"; };
/* End PBXFileReference section */

/* Begin PBXFrameworksBuildPhase section */
		F515ED4A2711A091003B6909 /* Frameworks */ = {
			isa = PBXFrameworksBuildPhase;
			buildActionMask = 2147483647;
			files = (
			);
			runOnlyForDeploymentPostprocessing = 0;
		};
		F515ED602711A094003B6909 /* Frameworks */ = {
			isa = PBXFrameworksBuildPhase;
			buildActionMask = 2147483647;
			files = (
			);
			runOnlyForDeploymentPostprocessing = 0;
		};
		F515ED6A2711A094003B6909 /* Frameworks */ = {
			isa = PBXFrameworksBuildPhase;
			buildActionMask = 2147483647;
			files = (
			);
			runOnlyForDeploymentPostprocessing = 0;
		};
/* End PBXFrameworksBuildPhase section */

/* Begin PBXGroup section */
		F515ED442711A091003B6909 = {
			isa = PBXGroup;
			children = (
				F515ED4F2711A091003B6909 /* Homework 12 */,
				F515ED662711A094003B6909 /* Homework 12Tests */,
				F515ED702711A094003B6909 /* Homework 12UITests */,
				F515ED4E2711A091003B6909 /* Products */,
			);
			sourceTree = "<group>";
		};
		F515ED4E2711A091003B6909 /* Products */ = {
			isa = PBXGroup;
			children = (
				F515ED4D2711A091003B6909 /* Homework 12.app */,
				F515ED632711A094003B6909 /* Homework 12Tests.xctest */,
				F515ED6D2711A094003B6909 /* Homework 12UITests.xctest */,
			);
			name = Products;
			sourceTree = "<group>";
		};
		F515ED4F2711A091003B6909 /* Homework 12 */ = {
			isa = PBXGroup;
			children = (
				F515ED502711A091003B6909 /* AppDelegate.swift */,
				F515ED522711A091003B6909 /* SceneDelegate.swift */,
				F515ED542711A091003B6909 /* ViewController.swift */,
				F515ED562711A091003B6909 /* Main.storyboard */,
				F515ED592711A093003B6909 /* Assets.xcassets */,
				F515ED5B2711A093003B6909 /* LaunchScreen.storyboard */,
				F515ED5E2711A093003B6909 /* Info.plist */,
			);
			path = "Homework 12";
			sourceTree = "<group>";
		};
		F515ED662711A094003B6909 /* Homework 12Tests */ = {
			isa = PBXGroup;
			children = (
				F515ED672711A094003B6909 /* Homework_12Tests.swift */,
			);
			path = "Homework 12Tests";
			sourceTree = "<group>";
		};
		F515ED702711A094003B6909 /* Homework 12UITests */ = {
			isa = PBXGroup;
			children = (
				F515ED712711A094003B6909 /* Homework_12UITests.swift */,
				F515ED732711A094003B6909 /* Homework_12UITestsLaunchTests.swift */,
			);
			path = "Homework 12UITests";
			sourceTree = "<group>";
		};
/* End PBXGroup section */

/* Begin PBXNativeTarget section */
		F515ED4C2711A091003B6909 /* Homework 12 */ = {
			isa = PBXNativeTarget;
			buildConfigurationList = F515ED772711A094003B6909 /* Build configuration list for PBXNativeTarget "Homework 12" */;
			buildPhases = (
				F515ED492711A091003B6909 /* Sources */,
				F515ED4A2711A091003B6909 /* Frameworks */,
				F515ED4B2711A091003B6909 /* Resources */,
			);
			buildRules = (
			);
			dependencies = (
			);
			name = "Homework 12";
			productName = "Homework 12";
			productReference = F515ED4D2711A091003B6909 /* Homework 12.app */;
			productType = "com.apple.product-type.application";
		};
		F515ED622711A094003B6909 /* Homework 12Tests */ = {
			isa = PBXNativeTarget;
			buildConfigurationList = F515ED7A2711A094003B6909 /* Build configuration list for PBXNativeTarget "Homework 12Tests" */;
			buildPhases = (
				F515ED5F2711A094003B6909 /* Sources */,
				F515ED602711A094003B6909 /* Frameworks */,
				F515ED612711A094003B6909 /* Resources */,
			);
			buildRules = (
			);
			dependencies = (
				F515ED652711A094003B6909 /* PBXTargetDependency */,
			);
			name = "Homework 12Tests";
			productName = "Homework 12Tests";
			productReference = F515ED632711A094003B6909 /* Homework 12Tests.xctest */;
			productType = "com.apple.product-type.bundle.unit-test";
		};
		F515ED6C2711A094003B6909 /* Homework 12UITests */ = {
			isa = PBXNativeTarget;
			buildConfigurationList = F515ED7D2711A094003B6909 /* Build configuration list for PBXNativeTarget "Homework 12UITests" */;
			buildPhases = (
				F515ED692711A094003B6909 /* Sources */,
				F515ED6A2711A094003B6909 /* Frameworks */,
				F515ED6B2711A094003B6909 /* Resources */,
			);
			buildRules = (
			);
			dependencies = (
				F515ED6F2711A094003B6909 /* PBXTargetDependency */,
			);
			name = "Homework 12UITests";
			productName = "Homework 12UITests";
			productReference = F515ED6D2711A094003B6909 /* Homework 12UITests.xctest */;
			productType = "com.apple.product-type.bundle.ui-testing";
		};
/* End PBXNativeTarget section */

/* Begin PBXProject section */
		F515ED452711A091003B6909 /* Project object */ = {
			isa = PBXProject;
			attributes = {
				BuildIndependentTargetsInParallel = 1;
				LastSwiftUpdateCheck = 1300;
				LastUpgradeCheck = 1300;
				TargetAttributes = {
					F515ED4C2711A091003B6909 = {
						CreatedOnToolsVersion = 13.0;
					};
					F515ED622711A094003B6909 = {
						CreatedOnToolsVersion = 13.0;
						TestTargetID = F515ED4C2711A091003B6909;
					};
					F515ED6C2711A094003B6909 = {
						CreatedOnToolsVersion = 13.0;
						TestTargetID = F515ED4C2711A091003B6909;
					};
				};
			};
			buildConfigurationList = F515ED482711A091003B6909 /* Build configuration list for PBXProject "Homework 12" */;
			compatibilityVersion = "Xcode 13.0";
			developmentRegion = en;
			hasScannedForEncodings = 0;
			knownRegions = (
				en,
				Base,
			);
			mainGroup = F515ED442711A091003B6909;
			productRefGroup = F515ED4E2711A091003B6909 /* Products */;
			projectDirPath = "";
			projectRoot = "";
			targets = (
				F515ED4C2711A091003B6909 /* Homework 12 */,
				F515ED622711A094003B6909 /* Homework 12Tests */,
				F515ED6C2711A094003B6909 /* Homework 12UITests */,
			);
		};
/* End PBXProject section */

/* Begin PBXResourcesBuildPhase section */
		F515ED4B2711A091003B6909 /* Resources */ = {
			isa = PBXResourcesBuildPhase;
			buildActionMask = 2147483647;
			files = (
				F515ED5D2711A093003B6909 /* LaunchScreen.storyboard in Resources */,
				F515ED5A2711A093003B6909 /* Assets.xcassets in Resources */,
				F515ED582711A091003B6909 /* Main.storyboard in Resources */,
			);
			runOnlyForDeploymentPostprocessing = 0;
		};
		F515ED612711A094003B6909 /* Resources */ = {
			isa = PBXResourcesBuildPhase;
			buildActionMask = 2147483647;
			files = (
			);
			runOnlyForDeploymentPostprocessing = 0;
		};
		F515ED6B2711A094003B6909 /* Resources */ = {
			isa = PBXResourcesBuildPhase;
			buildActionMask = 2147483647;
			files = (
			);
			runOnlyForDeploymentPostprocessing = 0;
		};
/* End PBXResourcesBuildPhase section */

/* Begin PBXSourcesBuildPhase section */
		F515ED492711A091003B6909 /* Sources */ = {
			isa = PBXSourcesBuildPhase;
			buildActionMask = 2147483647;
			files = (
				F515ED552711A091003B6909 /* ViewController.swift in Sources */,
				F515ED512711A091003B6909 /* AppDelegate.swift in Sources */,
				F515ED532711A091003B6909 /* SceneDelegate.swift in Sources */,
			);
			runOnlyForDeploymentPostprocessing = 0;
		};
		F515ED5F2711A094003B6909 /* Sources */ = {
			isa = PBXSourcesBuildPhase;
			buildActionMask = 2147483647;
			files = (
				F515ED682711A094003B6909 /* Homework_12Tests.swift in Sources */,
			);
			runOnlyForDeploymentPostprocessing = 0;
		};
		F515ED692711A094003B6909 /* Sources */ = {
			isa = PBXSourcesBuildPhase;
			buildActionMask = 2147483647;
			files = (
				F515ED722711A094003B6909 /* Homework_12UITests.swift in Sources */,
				F515ED742711A094003B6909 /* Homework_12UITestsLaunchTests.swift in Sources */,
			);
			runOnlyForDeploymentPostprocessing = 0;
		};
/* End PBXSourcesBuildPhase section */

/* Begin PBXTargetDependency section */
		F515ED652711A094003B6909 /* PBXTargetDependency */ = {
			isa = PBXTargetDependency;
			target = F515ED4C2711A091003B6909 /* Homework 12 */;
			targetProxy = F515ED642711A094003B6909 /* PBXContainerItemProxy */;
		};
		F515ED6F2711A094003B6909 /* PBXTargetDependency */ = {
			isa = PBXTargetDependency;
			target = F515ED4C2711A091003B6909 /* Homework 12 */;
			targetProxy = F515ED6E2711A094003B6909 /* PBXContainerItemProxy */;
		};
/* End PBXTargetDependency section */

/* Begin PBXVariantGroup section */
		F515ED562711A091003B6909 /* Main.storyboard */ = {
			isa = PBXVariantGroup;
			children = (
				F515ED572711A091003B6909 /* Base */,
			);
			name = Main.storyboard;
			sourceTree = "<group>";
		};
		F515ED5B2711A093003B6909 /* LaunchScreen.storyboard */ = {
			isa = PBXVariantGroup;
			children = (
				F515ED5C2711A093003B6909 /* Base */,
			);
			name = LaunchScreen.storyboard;
			sourceTree = "<group>";
		};
/* End PBXVariantGroup section */

/* Begin XCBuildConfiguration section */
		F515ED752711A094003B6909 /* Debug */ = {
			isa = XCBuildConfiguration;
			buildSettings = {
				ALWAYS_SEARCH_USER_PATHS = NO;
				CLANG_ANALYZER_NONNULL = YES;
				CLANG_ANALYZER_NUMBER_OBJECT_CONVERSION = YES_AGGRESSIVE;
				CLANG_CXX_LANGUAGE_STANDARD = "gnu++17";
				CLANG_CXX_LIBRARY = "libc++";
				CLANG_ENABLE_MODULES = YES;
				CLANG_ENABLE_OBJC_ARC = YES;
				CLANG_ENABLE_OBJC_WEAK = YES;
				CLANG_WARN_BLOCK_CAPTURE_AUTORELEASING = YES;
				CLANG_WARN_BOOL_CONVERSION = YES;
				CLANG_WARN_COMMA = YES;
				CLANG_WARN_CONSTANT_CONVERSION = YES;
				CLANG_WARN_DEPRECATED_OBJC_IMPLEMENTATIONS = YES;
				CLANG_WARN_DIRECT_OBJC_ISA_USAGE = YES_ERROR;
				CLANG_WARN_DOCUMENTATION_COMMENTS = YES;
				CLANG_WARN_EMPTY_BODY = YES;
				CLANG_WARN_ENUM_CONVERSION = YES;
				CLANG_WARN_INFINITE_RECURSION = YES;
				CLANG_WARN_INT_CONVERSION = YES;
				CLANG_WARN_NON_LITERAL_NULL_CONVERSION = YES;
				CLANG_WARN_OBJC_IMPLICIT_RETAIN_SELF = YES;
				CLANG_WARN_OBJC_LITERAL_CONVERSION = YES;
				CLANG_WARN_OBJC_ROOT_CLASS = YES_ERROR;
				CLANG_WARN_QUOTED_INCLUDE_IN_FRAMEWORK_HEADER = YES;
				CLANG_WARN_RANGE_LOOP_ANALYSIS = YES;
				CLANG_WARN_STRICT_PROTOTYPES = YES;
				CLANG_WARN_SUSPICIOUS_MOVE = YES;
				CLANG_WARN_UNGUARDED_AVAILABILITY = YES_AGGRESSIVE;
				CLANG_WARN_UNREACHABLE_CODE = YES;
				CLANG_WARN__DUPLICATE_METHOD_MATCH = YES;
				COPY_PHASE_STRIP = NO;
				DEBUG_INFORMATION_FORMAT = dwarf;
				ENABLE_STRICT_OBJC_MSGSEND = YES;
				ENABLE_TESTABILITY = YES;
				GCC_C_LANGUAGE_STANDARD = gnu11;
				GCC_DYNAMIC_NO_PIC = NO;
				GCC_NO_COMMON_BLOCKS = YES;
				GCC_OPTIMIZATION_LEVEL = 0;
				GCC_PREPROCESSOR_DEFINITIONS = (
					"DEBUG=1",
					"$(inherited)",
				);
				GCC_WARN_64_TO_32_BIT_CONVERSION = YES;
				GCC_WARN_ABOUT_RETURN_TYPE = YES_ERROR;
				GCC_WARN_UNDECLARED_SELECTOR = YES;
				GCC_WARN_UNINITIALIZED_AUTOS = YES_AGGRESSIVE;
				GCC_WARN_UNUSED_FUNCTION = YES;
				GCC_WARN_UNUSED_VARIABLE = YES;
				IPHONEOS_DEPLOYMENT_TARGET = 15.0;
				MTL_ENABLE_DEBUG_INFO = INCLUDE_SOURCE;
				MTL_FAST_MATH = YES;
				ONLY_ACTIVE_ARCH = YES;
				SDKROOT = iphoneos;
				SWIFT_ACTIVE_COMPILATION_CONDITIONS = DEBUG;
				SWIFT_OPTIMIZATION_LEVEL = "-Onone";
			};
			name = Debug;
		};
		F515ED762711A094003B6909 /* Release */ = {
			isa = XCBuildConfiguration;
			buildSettings = {
				ALWAYS_SEARCH_USER_PATHS = NO;
				CLANG_ANALYZER_NONNULL = YES;
				CLANG_ANALYZER_NUMBER_OBJECT_CONVERSION = YES_AGGRESSIVE;
				CLANG_CXX_LANGUAGE_STANDARD = "gnu++17";
				CLANG_CXX_LIBRARY = "libc++";
				CLANG_ENABLE_MODULES = YES;
				CLANG_ENABLE_OBJC_ARC = YES;
				CLANG_ENABLE_OBJC_WEAK = YES;
				CLANG_WARN_BLOCK_CAPTURE_AUTORELEASING = YES;
				CLANG_WARN_BOOL_CONVERSION = YES;
				CLANG_WARN_COMMA = YES;
				CLANG_WARN_CONSTANT_CONVERSION = YES;
				CLANG_WARN_DEPRECATED_OBJC_IMPLEMENTATIONS = YES;
				CLANG_WARN_DIRECT_OBJC_ISA_USAGE = YES_ERROR;
				CLANG_WARN_DOCUMENTATION_COMMENTS = YES;
				CLANG_WARN_EMPTY_BODY = YES;
				CLANG_WARN_ENUM_CONVERSION = YES;
				CLANG_WARN_INFINITE_RECURSION = YES;
				CLANG_WARN_INT_CONVERSION = YES;
				CLANG_WARN_NON_LITERAL_NULL_CONVERSION = YES;
				CLANG_WARN_OBJC_IMPLICIT_RETAIN_SELF = YES;
				CLANG_WARN_OBJC_LITERAL_CONVERSION = YES;
				CLANG_WARN_OBJC_ROOT_CLASS = YES_ERROR;
				CLANG_WARN_QUOTED_INCLUDE_IN_FRAMEWORK_HEADER = YES;
				CLANG_WARN_RANGE_LOOP_ANALYSIS = YES;
				CLANG_WARN_STRICT_PROTOTYPES = YES;
				CLANG_WARN_SUSPICIOUS_MOVE = YES;
				CLANG_WARN_UNGUARDED_AVAILABILITY = YES_AGGRESSIVE;
				CLANG_WARN_UNREACHABLE_CODE = YES;
				CLANG_WARN__DUPLICATE_METHOD_MATCH = YES;
				COPY_PHASE_STRIP = NO;
				DEBUG_INFORMATION_FORMAT = "dwarf-with-dsym";
				ENABLE_NS_ASSERTIONS = NO;
				ENABLE_STRICT_OBJC_MSGSEND = YES;
				GCC_C_LANGUAGE_STANDARD = gnu11;
				GCC_NO_COMMON_BLOCKS = YES;
				GCC_WARN_64_TO_32_BIT_CONVERSION = YES;
				GCC_WARN_ABOUT_RETURN_TYPE = YES_ERROR;
				GCC_WARN_UNDECLARED_SELECTOR = YES;
				GCC_WARN_UNINITIALIZED_AUTOS = YES_AGGRESSIVE;
				GCC_WARN_UNUSED_FUNCTION = YES;
				GCC_WARN_UNUSED_VARIABLE = YES;
				IPHONEOS_DEPLOYMENT_TARGET = 15.0;
				MTL_ENABLE_DEBUG_INFO = NO;
				MTL_FAST_MATH = YES;
				SDKROOT = iphoneos;
				SWIFT_COMPILATION_MODE = wholemodule;
				SWIFT_OPTIMIZATION_LEVEL = "-O";
				VALIDATE_PRODUCT = YES;
			};
			name = Release;
		};
		F515ED782711A094003B6909 /* Debug */ = {
			isa = XCBuildConfiguration;
			buildSettings = {
				ASSETCATALOG_COMPILER_APPICON_NAME = AppIcon;
				ASSETCATALOG_COMPILER_GLOBAL_ACCENT_COLOR_NAME = AccentColor;
				CODE_SIGN_STYLE = Automatic;
				CURRENT_PROJECT_VERSION = 1;
				GENERATE_INFOPLIST_FILE = YES;
				INFOPLIST_FILE = "Homework 12/Info.plist";
				INFOPLIST_KEY_UIApplicationSupportsIndirectInputEvents = YES;
				INFOPLIST_KEY_UILaunchStoryboardName = LaunchScreen;
				INFOPLIST_KEY_UIMainStoryboardFile = Main;
				INFOPLIST_KEY_UISupportedInterfaceOrientations_iPad = "UIInterfaceOrientationPortrait UIInterfaceOrientationPortraitUpsideDown UIInterfaceOrientationLandscapeLeft UIInterfaceOrientationLandscapeRight";
				INFOPLIST_KEY_UISupportedInterfaceOrientations_iPhone = "UIInterfaceOrientationPortrait UIInterfaceOrientationLandscapeLeft UIInterfaceOrientationLandscapeRight";
				LD_RUNPATH_SEARCH_PATHS = (
					"$(inherited)",
					"@executable_path/Frameworks",
				);
				MARKETING_VERSION = 1.0;
				PRODUCT_BUNDLE_IDENTIFIER = "Vlad.Homework-12";
				PRODUCT_NAME = "$(TARGET_NAME)";
				SWIFT_EMIT_LOC_STRINGS = YES;
				SWIFT_VERSION = 5.0;
				TARGETED_DEVICE_FAMILY = "1,2";
			};
			name = Debug;
		};
		F515ED792711A094003B6909 /* Release */ = {
			isa = XCBuildConfiguration;
			buildSettings = {
				ASSETCATALOG_COMPILER_APPICON_NAME = AppIcon;
				ASSETCATALOG_COMPILER_GLOBAL_ACCENT_COLOR_NAME = AccentColor;
				CODE_SIGN_STYLE = Automatic;
				CURRENT_PROJECT_VERSION = 1;
				GENERATE_INFOPLIST_FILE = YES;
				INFOPLIST_FILE = "Homework 12/Info.plist";
				INFOPLIST_KEY_UIApplicationSupportsIndirectInputEvents = YES;
				INFOPLIST_KEY_UILaunchStoryboardName = LaunchScreen;
				INFOPLIST_KEY_UIMainStoryboardFile = Main;
				INFOPLIST_KEY_UISupportedInterfaceOrientations_iPad = "UIInterfaceOrientationPortrait UIInterfaceOrientationPortraitUpsideDown UIInterfaceOrientationLandscapeLeft UIInterfaceOrientationLandscapeRight";
				INFOPLIST_KEY_UISupportedInterfaceOrientations_iPhone = "UIInterfaceOrientationPortrait UIInterfaceOrientationLandscapeLeft UIInterfaceOrientationLandscapeRight";
				LD_RUNPATH_SEARCH_PATHS = (
					"$(inherited)",
					"@executable_path/Frameworks",
				);
				MARKETING_VERSION = 1.0;
				PRODUCT_BUNDLE_IDENTIFIER = "Vlad.Homework-12";
				PRODUCT_NAME = "$(TARGET_NAME)";
				SWIFT_EMIT_LOC_STRINGS = YES;
				SWIFT_VERSION = 5.0;
				TARGETED_DEVICE_FAMILY = "1,2";
			};
			name = Release;
		};
		F515ED7B2711A094003B6909 /* Debug */ = {
			isa = XCBuildConfiguration;
			buildSettings = {
				ALWAYS_EMBED_SWIFT_STANDARD_LIBRARIES = YES;
				BUNDLE_LOADER = "$(TEST_HOST)";
				CODE_SIGN_STYLE = Automatic;
				CURRENT_PROJECT_VERSION = 1;
				GENERATE_INFOPLIST_FILE = YES;
				IPHONEOS_DEPLOYMENT_TARGET = 15.0;
				LD_RUNPATH_SEARCH_PATHS = (
					"$(inherited)",
					"@executable_path/Frameworks",
					"@loader_path/Frameworks",
				);
				MARKETING_VERSION = 1.0;
				PRODUCT_BUNDLE_IDENTIFIER = "Vlad.Homework-12Tests";
				PRODUCT_NAME = "$(TARGET_NAME)";
				SWIFT_EMIT_LOC_STRINGS = NO;
				SWIFT_VERSION = 5.0;
				TARGETED_DEVICE_FAMILY = "1,2";
				TEST_HOST = "$(BUILT_PRODUCTS_DIR)/Homework 12.app/Homework 12";
			};
			name = Debug;
		};
		F515ED7C2711A094003B6909 /* Release */ = {
			isa = XCBuildConfiguration;
			buildSettings = {
				ALWAYS_EMBED_SWIFT_STANDARD_LIBRARIES = YES;
				BUNDLE_LOADER = "$(TEST_HOST)";
				CODE_SIGN_STYLE = Automatic;
				CURRENT_PROJECT_VERSION = 1;
				GENERATE_INFOPLIST_FILE = YES;
				IPHONEOS_DEPLOYMENT_TARGET = 15.0;
				LD_RUNPATH_SEARCH_PATHS = (
					"$(inherited)",
					"@executable_path/Frameworks",
					"@loader_path/Frameworks",
				);
				MARKETING_VERSION = 1.0;
				PRODUCT_BUNDLE_IDENTIFIER = "Vlad.Homework-12Tests";
				PRODUCT_NAME = "$(TARGET_NAME)";
				SWIFT_EMIT_LOC_STRINGS = NO;
				SWIFT_VERSION = 5.0;
				TARGETED_DEVICE_FAMILY = "1,2";
				TEST_HOST = "$(BUILT_PRODUCTS_DIR)/Homework 12.app/Homework 12";
			};
			name = Release;
		};
		F515ED7E2711A094003B6909 /* Debug */ = {
			isa = XCBuildConfiguration;
			buildSettings = {
				ALWAYS_EMBED_SWIFT_STANDARD_LIBRARIES = YES;
				CODE_SIGN_STYLE = Automatic;
				CURRENT_PROJECT_VERSION = 1;
				GENERATE_INFOPLIST_FILE = YES;
				LD_RUNPATH_SEARCH_PATHS = (
					"$(inherited)",
					"@executable_path/Frameworks",
					"@loader_path/Frameworks",
				);
				MARKETING_VERSION = 1.0;
				PRODUCT_BUNDLE_IDENTIFIER = "Vlad.Homework-12UITests";
				PRODUCT_NAME = "$(TARGET_NAME)";
				SWIFT_EMIT_LOC_STRINGS = NO;
				SWIFT_VERSION = 5.0;
				TARGETED_DEVICE_FAMILY = "1,2";
				TEST_TARGET_NAME = "Homework 12";
			};
			name = Debug;
		};
		F515ED7F2711A094003B6909 /* Release */ = {
			isa = XCBuildConfiguration;
			buildSettings = {
				ALWAYS_EMBED_SWIFT_STANDARD_LIBRARIES = YES;
				CODE_SIGN_STYLE = Automatic;
				CURRENT_PROJECT_VERSION = 1;
				GENERATE_INFOPLIST_FILE = YES;
				LD_RUNPATH_SEARCH_PATHS = (
					"$(inherited)",
					"@executable_path/Frameworks",
					"@loader_path/Frameworks",
				);
				MARKETING_VERSION = 1.0;
				PRODUCT_BUNDLE_IDENTIFIER = "Vlad.Homework-12UITests";
				PRODUCT_NAME = "$(TARGET_NAME)";
				SWIFT_EMIT_LOC_STRINGS = NO;
				SWIFT_VERSION = 5.0;
				TARGETED_DEVICE_FAMILY = "1,2";
				TEST_TARGET_NAME = "Homework 12";
			};
			name = Release;
		};
/* End XCBuildConfiguration section */

/* Begin XCConfigurationList section */
		F515ED482711A091003B6909 /* Build configuration list for PBXProject "Homework 12" */ = {
			isa = XCConfigurationList;
			buildConfigurations = (
				F515ED752711A094003B6909 /* Debug */,
				F515ED762711A094003B6909 /* Release */,
			);
			defaultConfigurationIsVisible = 0;
			defaultConfigurationName = Release;
		};
		F515ED772711A094003B6909 /* Build configuration list for PBXNativeTarget "Homework 12" */ = {
			isa = XCConfigurationList;
			buildConfigurations = (
				F515ED782711A094003B6909 /* Debug */,
				F515ED792711A094003B6909 /* Release */,
			);
			defaultConfigurationIsVisible = 0;
			defaultConfigurationName = Release;
		};
		F515ED7A2711A094003B6909 /* Build configuration list for PBXNativeTarget "Homework 12Tests" */ = {
			isa = XCConfigurationList;
			buildConfigurations = (
				F515ED7B2711A094003B6909 /* Debug */,
				F515ED7C2711A094003B6909 /* Release */,
			);
			defaultConfigurationIsVisible = 0;
			defaultConfigurationName = Release;
		};
		F515ED7D2711A094003B6909 /* Build configuration list for PBXNativeTarget "Homework 12UITests" */ = {
			isa = XCConfigurationList;
			buildConfigurations = (
				F515ED7E2711A094003B6909 /* Debug */,
				F515ED7F2711A094003B6909 /* Release */,
			);
			defaultConfigurationIsVisible = 0;
			defaultConfigurationName = Release;
		};
/* End XCConfigurationList section */
	};
	rootObject = F515ED452711A091003B6909 /* Project object */;
}
